
Microsoft Visual Studio Solution File, Format Version 12.00
# Visual Studio Version 17
VisualStudioVersion = 17.5.002.0
MinimumVisualStudioVersion = 10.0.40219.1
Project("{9A19103F-16F7-4668-BE54-9A1E7A4F7556}") = "App", "App.csproj", "{96B937EB-E03A-4FF6-8636-6FBF06EB8198}"
EndProject
Global
	GlobalSection(SolutionConfigurationPlatforms) = preSolution
		Debug|Any CPU = Debug|Any CPU
		Release|Any CPU = Release|Any CPU
	EndGlobalSection
	GlobalSection(ProjectConfigurationPlatforms) = postSolution
		{96B937EB-E03A-4FF6-8636-6FBF06EB8198}.Debug|Any CPU.ActiveCfg = Debug|Any CPU
		{96B937EB-E03A-4FF6-8636-6FBF06EB8198}.Debug|Any CPU.Build.0 = Debug|Any CPU
		{96B937EB-E03A-4FF6-8636-6FBF06EB8198}.Release|Any CPU.ActiveCfg = Release|Any CPU
		{96B937EB-E03A-4FF6-8636-6FBF06EB8198}.Release|Any CPU.Build.0 = Release|Any CPU
	EndGlobalSection
	GlobalSection(SolutionProperties) = preSolution
		HideSolutionNode = FALSE
	EndGlobalSection
	GlobalSection(ExtensibilityGlobals) = postSolution
		SolutionGuid = {097D2F11-3D3E-4D10-BB1D-41CAB86F66DA}
	EndGlobalSection
EndGlobal
